
Microsoft Visual Studio Solution File, Format Version 12.00
# Visual Studio 15
VisualStudioVersion = 15.0.27703.2042
MinimumVisualStudioVersion = 10.0.40219.1
Project("{FAE04EC0-301F-11D3-BF4B-00C04F79EFBC}") = "httpsample", "httpsample\httpsample.csproj", "{0C047FC9-5A7E-4846-9448-B288B8470A42}"
EndProject
Project("{FAE04EC0-301F-11D3-BF4B-00C04F79EFBC}") = "UnitTestProject1", "UnitTestProject1\UnitTestProject1.csproj", "{C9B7D934-D66E-430B-81AD-18C7D855122E}"
EndProject
Global
	GlobalSection(SolutionConfigurationPlatforms) = preSolution
		Debug|Any CPU = Debug|Any CPU
		Release|Any CPU = Release|Any CPU
	EndGlobalSection
	GlobalSection(ProjectConfigurationPlatforms) = postSolution
		{0C047FC9-5A7E-4846-9448-B288B8470A42}.Debug|Any CPU.ActiveCfg = Debug|Any CPU
		{0C047FC9-5A7E-4846-9448-B288B8470A42}.Debug|Any CPU.Build.0 = Debug|Any CPU
		{0C047FC9-5A7E-4846-9448-B288B8470A42}.Release|Any CPU.ActiveCfg = Release|Any CPU
		{0C047FC9-5A7E-4846-9448-B288B8470A42}.Release|Any CPU.Build.0 = Release|Any CPU
		{C9B7D934-D66E-430B-81AD-18C7D855122E}.Debug|Any CPU.ActiveCfg = Debug|Any CPU
		{C9B7D934-D66E-430B-81AD-18C7D855122E}.Debug|Any CPU.Build.0 = Debug|Any CPU
		{C9B7D934-D66E-430B-81AD-18C7D855122E}.Release|Any CPU.ActiveCfg = Release|Any CPU
		{C9B7D934-D66E-430B-81AD-18C7D855122E}.Release|Any CPU.Build.0 = Release|Any CPU
	EndGlobalSection
	GlobalSection(SolutionProperties) = preSolution
		HideSolutionNode = FALSE
	EndGlobalSection
	GlobalSection(ExtensibilityGlobals) = postSolution
		SolutionGuid = {7D086057-371D-4583-AA59-81EC7F0CF7A9}
	EndGlobalSection
EndGlobal
